// !$*UTF8*$!
{
	archiveVersion = 1;
	classes = {
	};
	objectVersion = 46;
	objects = {

/* Begin PBXBuildFile section */
		C7D41DA71DD6E221008D0402 /* AppDelegate.swift in Sources */ = {isa = PBXBuildFile; fileRef = C7D41DA61DD6E221008D0402 /* AppDelegate.swift */; };
		C7D41DA91DD6E221008D0402 /* InterestsViewController.swift in Sources */ = {isa = PBXBuildFile; fileRef = C7D41DA81DD6E221008D0402 /* InterestsViewController.swift */; };
		C7D41DAB1DD6E221008D0402 /* PeopleViewController.swift in Sources */ = {isa = PBXBuildFile; fileRef = C7D41DAA1DD6E221008D0402 /* PeopleViewController.swift */; };
		C7D41DAE1DD6E221008D0402 /* Main.storyboard in Resources */ = {isa = PBXBuildFile; fileRef = C7D41DAC1DD6E221008D0402 /* Main.storyboard */; };
		C7D41DB01DD6E221008D0402 /* Assets.xcassets in Resources */ = {isa = PBXBuildFile; fileRef = C7D41DAF1DD6E221008D0402 /* Assets.xcassets */; };
		C7D41DB31DD6E221008D0402 /* LaunchScreen.storyboard in Resources */ = {isa = PBXBuildFile; fileRef = C7D41DB11DD6E221008D0402 /* LaunchScreen.storyboard */; };
		C7D41DBE1DD6E222008D0402 /* cnnctTests.swift in Sources */ = {isa = PBXBuildFile; fileRef = C7D41DBD1DD6E222008D0402 /* cnnctTests.swift */; };
		C7D41DC91DD6E222008D0402 /* cnnctUITests.swift in Sources */ = {isa = PBXBuildFile; fileRef = C7D41DC81DD6E222008D0402 /* cnnctUITests.swift */; };
		C7D41DD71DD7AAEA008D0402 /* TagListView.swift in Sources */ = {isa = PBXBuildFile; fileRef = C7D41DD61DD7AAEA008D0402 /* TagListView.swift */; };
		C7D41DD91DD7C61B008D0402 /* MessagesViewController.swift in Sources */ = {isa = PBXBuildFile; fileRef = C7D41DD81DD7C61B008D0402 /* MessagesViewController.swift */; };
		C7D41DDB1DD7C635008D0402 /* ProfileViewController.swift in Sources */ = {isa = PBXBuildFile; fileRef = C7D41DDA1DD7C635008D0402 /* ProfileViewController.swift */; };
		DD9B7F2D1DD79D640011A589 /* SignUpViewController.swift in Sources */ = {isa = PBXBuildFile; fileRef = DD9B7F2C1DD79D640011A589 /* SignUpViewController.swift */; };
		DD9B7F371DD7AD970011A589 /* FBSDKShareKit.framework in Frameworks */ = {isa = PBXBuildFile; fileRef = DD9B7F361DD7AD970011A589 /* FBSDKShareKit.framework */; };
		DD9B7F3B1DD7ADA20011A589 /* FBSDKLoginKit.framework in Frameworks */ = {isa = PBXBuildFile; fileRef = DD9B7F381DD7ADA20011A589 /* FBSDKLoginKit.framework */; };
		DD9B7F3C1DD7ADA20011A589 /* FBSDKCoreKit.framework in Frameworks */ = {isa = PBXBuildFile; fileRef = DD9B7F391DD7ADA20011A589 /* FBSDKCoreKit.framework */; };
		DD9B7F3D1DD7ADA20011A589 /* Bolts.framework in Frameworks */ = {isa = PBXBuildFile; fileRef = DD9B7F3A1DD7ADA20011A589 /* Bolts.framework */; };
		DDA32ED81DD6E70400AA722A /* GoogleService-Info.plist in Resources */ = {isa = PBXBuildFile; fileRef = DDA32ED71DD6E70400AA722A /* GoogleService-Info.plist */; };
		DDEB62311DD6E8A400B3DA4A /* Podfile in Resources */ = {isa = PBXBuildFile; fileRef = DDEB62301DD6E8A400B3DA4A /* Podfile */; };
		FD819458F78B3FC71A852972 /* Pods_cnnct.framework in Frameworks */ = {isa = PBXBuildFile; fileRef = EB5F82390944BE6D78CB6168 /* Pods_cnnct.framework */; };
/* End PBXBuildFile section */

/* Begin PBXContainerItemProxy section */
		C7D41DBA1DD6E221008D0402 /* PBXContainerItemProxy */ = {
			isa = PBXContainerItemProxy;
			containerPortal = C7D41D9B1DD6E221008D0402 /* Project object */;
			proxyType = 1;
			remoteGlobalIDString = C7D41DA21DD6E221008D0402;
			remoteInfo = cnnct;
		};
		C7D41DC51DD6E222008D0402 /* PBXContainerItemProxy */ = {
			isa = PBXContainerItemProxy;
			containerPortal = C7D41D9B1DD6E221008D0402 /* Project object */;
			proxyType = 1;
			remoteGlobalIDString = C7D41DA21DD6E221008D0402;
			remoteInfo = cnnct;
		};
/* End PBXContainerItemProxy section */

/* Begin PBXFileReference section */
		0DA48753FB175B1DB8692F16 /* Pods-cnnct.debug.xcconfig */ = {isa = PBXFileReference; includeInIndex = 1; lastKnownFileType = text.xcconfig; name = "Pods-cnnct.debug.xcconfig"; path = "Pods/Target Support Files/Pods-cnnct/Pods-cnnct.debug.xcconfig"; sourceTree = "<group>"; };
		170D812473747FF7D4C6184A /* Pods_cnnctUITests.framework */ = {isa = PBXFileReference; explicitFileType = wrapper.framework; includeInIndex = 0; path = Pods_cnnctUITests.framework; sourceTree = BUILT_PRODUCTS_DIR; };
		C7C9383B31F2BEE02A21F5C9 /* Pods-cnnct.release.xcconfig */ = {isa = PBXFileReference; includeInIndex = 1; lastKnownFileType = text.xcconfig; name = "Pods-cnnct.release.xcconfig"; path = "Pods/Target Support Files/Pods-cnnct/Pods-cnnct.release.xcconfig"; sourceTree = "<group>"; };
		C7D41DA31DD6E221008D0402 /* cnnct.app */ = {isa = PBXFileReference; explicitFileType = wrapper.application; includeInIndex = 0; path = cnnct.app; sourceTree = BUILT_PRODUCTS_DIR; };
		C7D41DA61DD6E221008D0402 /* AppDelegate.swift */ = {isa = PBXFileReference; lastKnownFileType = sourcecode.swift; path = AppDelegate.swift; sourceTree = "<group>"; };
		C7D41DA81DD6E221008D0402 /* InterestsViewController.swift */ = {isa = PBXFileReference; lastKnownFileType = sourcecode.swift; path = InterestsViewController.swift; sourceTree = "<group>"; };
		C7D41DAA1DD6E221008D0402 /* PeopleViewController.swift */ = {isa = PBXFileReference; lastKnownFileType = sourcecode.swift; path = PeopleViewController.swift; sourceTree = "<group>"; };
		C7D41DAD1DD6E221008D0402 /* Base */ = {isa = PBXFileReference; lastKnownFileType = file.storyboard; name = Base; path = Base.lproj/Main.storyboard; sourceTree = "<group>"; };
		C7D41DAF1DD6E221008D0402 /* Assets.xcassets */ = {isa = PBXFileReference; lastKnownFileType = folder.assetcatalog; path = Assets.xcassets; sourceTree = "<group>"; };
		C7D41DB21DD6E221008D0402 /* Base */ = {isa = PBXFileReference; lastKnownFileType = file.storyboard; name = Base; path = Base.lproj/LaunchScreen.storyboard; sourceTree = "<group>"; };
		C7D41DB41DD6E221008D0402 /* Info.plist */ = {isa = PBXFileReference; lastKnownFileType = text.plist.xml; path = Info.plist; sourceTree = "<group>"; };
		C7D41DB91DD6E221008D0402 /* cnnctTests.xctest */ = {isa = PBXFileReference; explicitFileType = wrapper.cfbundle; includeInIndex = 0; path = cnnctTests.xctest; sourceTree = BUILT_PRODUCTS_DIR; };
		C7D41DBD1DD6E222008D0402 /* cnnctTests.swift */ = {isa = PBXFileReference; lastKnownFileType = sourcecode.swift; path = cnnctTests.swift; sourceTree = "<group>"; };
		C7D41DBF1DD6E222008D0402 /* Info.plist */ = {isa = PBXFileReference; lastKnownFileType = text.plist.xml; path = Info.plist; sourceTree = "<group>"; };
		C7D41DC41DD6E222008D0402 /* cnnctUITests.xctest */ = {isa = PBXFileReference; explicitFileType = wrapper.cfbundle; includeInIndex = 0; path = cnnctUITests.xctest; sourceTree = BUILT_PRODUCTS_DIR; };
		C7D41DC81DD6E222008D0402 /* cnnctUITests.swift */ = {isa = PBXFileReference; lastKnownFileType = sourcecode.swift; path = cnnctUITests.swift; sourceTree = "<group>"; };
		C7D41DCA1DD6E222008D0402 /* Info.plist */ = {isa = PBXFileReference; lastKnownFileType = text.plist.xml; path = Info.plist; sourceTree = "<group>"; };
		C7D41DD61DD7AAEA008D0402 /* TagListView.swift */ = {isa = PBXFileReference; fileEncoding = 4; lastKnownFileType = sourcecode.swift; path = TagListView.swift; sourceTree = "<group>"; };
		C7D41DD81DD7C61B008D0402 /* MessagesViewController.swift */ = {isa = PBXFileReference; fileEncoding = 4; lastKnownFileType = sourcecode.swift; path = MessagesViewController.swift; sourceTree = "<group>"; };
		C7D41DDA1DD7C635008D0402 /* ProfileViewController.swift */ = {isa = PBXFileReference; fileEncoding = 4; lastKnownFileType = sourcecode.swift; path = ProfileViewController.swift; sourceTree = "<group>"; };
		DD9B7F2C1DD79D640011A589 /* SignUpViewController.swift */ = {isa = PBXFileReference; fileEncoding = 4; lastKnownFileType = sourcecode.swift; path = SignUpViewController.swift; sourceTree = "<group>"; };
		DD9B7F361DD7AD970011A589 /* FBSDKShareKit.framework */ = {isa = PBXFileReference; lastKnownFileType = wrapper.framework; path = FBSDKShareKit.framework; sourceTree = "<group>"; };
		DD9B7F381DD7ADA20011A589 /* FBSDKLoginKit.framework */ = {isa = PBXFileReference; lastKnownFileType = wrapper.framework; path = FBSDKLoginKit.framework; sourceTree = "<group>"; };
		DD9B7F391DD7ADA20011A589 /* FBSDKCoreKit.framework */ = {isa = PBXFileReference; lastKnownFileType = wrapper.framework; path = FBSDKCoreKit.framework; sourceTree = "<group>"; };
		DD9B7F3A1DD7ADA20011A589 /* Bolts.framework */ = {isa = PBXFileReference; lastKnownFileType = wrapper.framework; path = Bolts.framework; sourceTree = "<group>"; };
		DD9B7F3E1DD7B9A80011A589 /* cnnct.entitlements */ = {isa = PBXFileReference; lastKnownFileType = text.plist.entitlements; path = cnnct.entitlements; sourceTree = "<group>"; };
		DDA32ED71DD6E70400AA722A /* GoogleService-Info.plist */ = {isa = PBXFileReference; fileEncoding = 4; lastKnownFileType = text.plist.xml; name = "GoogleService-Info.plist"; path = "../GoogleService-Info.plist"; sourceTree = "<group>"; };
		DDEB62301DD6E8A400B3DA4A /* Podfile */ = {isa = PBXFileReference; fileEncoding = 4; lastKnownFileType = text; path = Podfile; sourceTree = "<group>"; };
		E916E6140FB2F5AB00AFA72F /* Pods_cnnctTests.framework */ = {isa = PBXFileReference; explicitFileType = wrapper.framework; includeInIndex = 0; path = Pods_cnnctTests.framework; sourceTree = BUILT_PRODUCTS_DIR; };
		EB5F82390944BE6D78CB6168 /* Pods_cnnct.framework */ = {isa = PBXFileReference; explicitFileType = wrapper.framework; includeInIndex = 0; path = Pods_cnnct.framework; sourceTree = BUILT_PRODUCTS_DIR; };
/* End PBXFileReference section */

/* Begin PBXFrameworksBuildPhase section */
		C7D41DA01DD6E221008D0402 /* Frameworks */ = {
			isa = PBXFrameworksBuildPhase;
			buildActionMask = 2147483647;
			files = (
				DD9B7F3D1DD7ADA20011A589 /* Bolts.framework in Frameworks */,
				DD9B7F371DD7AD970011A589 /* FBSDKShareKit.framework in Frameworks */,
				DD9B7F3C1DD7ADA20011A589 /* FBSDKCoreKit.framework in Frameworks */,
				FD819458F78B3FC71A852972 /* Pods_cnnct.framework in Frameworks */,
				DD9B7F3B1DD7ADA20011A589 /* FBSDKLoginKit.framework in Frameworks */,
			);
			runOnlyForDeploymentPostprocessing = 0;
		};
		C7D41DB61DD6E221008D0402 /* Frameworks */ = {
			isa = PBXFrameworksBuildPhase;
			buildActionMask = 2147483647;
			files = (
			);
			runOnlyForDeploymentPostprocessing = 0;
		};
		C7D41DC11DD6E222008D0402 /* Frameworks */ = {
			isa = PBXFrameworksBuildPhase;
			buildActionMask = 2147483647;
			files = (
			);
			runOnlyForDeploymentPostprocessing = 0;
		};
/* End PBXFrameworksBuildPhase section */

/* Begin PBXGroup section */
		C7D41D9A1DD6E221008D0402 = {
			isa = PBXGroup;
			children = (
				DDEB62301DD6E8A400B3DA4A /* Podfile */,
				C7D41DA51DD6E221008D0402 /* cnnct */,
				C7D41DBC1DD6E222008D0402 /* cnnctTests */,
				C7D41DC71DD6E222008D0402 /* cnnctUITests */,
				C7D41DA41DD6E221008D0402 /* Products */,
				D9CBAE2B040F20A0A4669C04 /* Pods */,
				CC960F202C24BBF81E088B8F /* Frameworks */,
			);
			sourceTree = "<group>";
		};
		C7D41DA41DD6E221008D0402 /* Products */ = {
			isa = PBXGroup;
			children = (
				C7D41DA31DD6E221008D0402 /* cnnct.app */,
				C7D41DB91DD6E221008D0402 /* cnnctTests.xctest */,
				C7D41DC41DD6E222008D0402 /* cnnctUITests.xctest */,
			);
			name = Products;
			sourceTree = "<group>";
		};
		C7D41DA51DD6E221008D0402 /* cnnct */ = {
			isa = PBXGroup;
			children = (
				DD9B7F3E1DD7B9A80011A589 /* cnnct.entitlements */,
				C7D41DA61DD6E221008D0402 /* AppDelegate.swift */,
				C7D41DD61DD7AAEA008D0402 /* TagListView.swift */,
				C7D41DA81DD6E221008D0402 /* InterestsViewController.swift */,
				C7D41DAA1DD6E221008D0402 /* PeopleViewController.swift */,
				C7D41DAC1DD6E221008D0402 /* Main.storyboard */,
				C7D41DAF1DD6E221008D0402 /* Assets.xcassets */,
				C7D41DB11DD6E221008D0402 /* LaunchScreen.storyboard */,
				DDA32ED71DD6E70400AA722A /* GoogleService-Info.plist */,
				C7D41DB41DD6E221008D0402 /* Info.plist */,
				DD9B7F2C1DD79D640011A589 /* SignUpViewController.swift */,
				C7D41DD81DD7C61B008D0402 /* MessagesViewController.swift */,
				C7D41DDA1DD7C635008D0402 /* ProfileViewController.swift */,
			);
			path = cnnct;
			sourceTree = "<group>";
		};
		C7D41DBC1DD6E222008D0402 /* cnnctTests */ = {
			isa = PBXGroup;
			children = (
				C7D41DBD1DD6E222008D0402 /* cnnctTests.swift */,
				C7D41DBF1DD6E222008D0402 /* Info.plist */,
			);
			path = cnnctTests;
			sourceTree = "<group>";
		};
		C7D41DC71DD6E222008D0402 /* cnnctUITests */ = {
			isa = PBXGroup;
			children = (
				C7D41DC81DD6E222008D0402 /* cnnctUITests.swift */,
				C7D41DCA1DD6E222008D0402 /* Info.plist */,
			);
			path = cnnctUITests;
			sourceTree = "<group>";
		};
		CC960F202C24BBF81E088B8F /* Frameworks */ = {
			isa = PBXGroup;
			children = (
				DD9B7F381DD7ADA20011A589 /* FBSDKLoginKit.framework */,
				DD9B7F391DD7ADA20011A589 /* FBSDKCoreKit.framework */,
				DD9B7F3A1DD7ADA20011A589 /* Bolts.framework */,
				DD9B7F361DD7AD970011A589 /* FBSDKShareKit.framework */,
				EB5F82390944BE6D78CB6168 /* Pods_cnnct.framework */,
				E916E6140FB2F5AB00AFA72F /* Pods_cnnctTests.framework */,
				170D812473747FF7D4C6184A /* Pods_cnnctUITests.framework */,
			);
			name = Frameworks;
			sourceTree = "<group>";
		};
		D9CBAE2B040F20A0A4669C04 /* Pods */ = {
			isa = PBXGroup;
			children = (
				0DA48753FB175B1DB8692F16 /* Pods-cnnct.debug.xcconfig */,
				C7C9383B31F2BEE02A21F5C9 /* Pods-cnnct.release.xcconfig */,
			);
			name = Pods;
			sourceTree = "<group>";
		};
/* End PBXGroup section */

/* Begin PBXNativeTarget section */
		C7D41DA21DD6E221008D0402 /* cnnct */ = {
			isa = PBXNativeTarget;
			buildConfigurationList = C7D41DCD1DD6E222008D0402 /* Build configuration list for PBXNativeTarget "cnnct" */;
			buildPhases = (
				A1D264F0FBCA68C7FB8A5A3C /* [CP] Check Pods Manifest.lock */,
				C7D41D9F1DD6E221008D0402 /* Sources */,
				C7D41DA01DD6E221008D0402 /* Frameworks */,
				C7D41DA11DD6E221008D0402 /* Resources */,
				7D3D5F8C9F517E92DAB9D43C /* [CP] Embed Pods Frameworks */,
				21B3A07B948F49C3AA75CFE0 /* [CP] Copy Pods Resources */,
			);
			buildRules = (
			);
			dependencies = (
			);
			name = cnnct;
			productName = cnnct;
			productReference = C7D41DA31DD6E221008D0402 /* cnnct.app */;
			productType = "com.apple.product-type.application";
		};
		C7D41DB81DD6E221008D0402 /* cnnctTests */ = {
			isa = PBXNativeTarget;
			buildConfigurationList = C7D41DD01DD6E222008D0402 /* Build configuration list for PBXNativeTarget "cnnctTests" */;
			buildPhases = (
				C7D41DB51DD6E221008D0402 /* Sources */,
				C7D41DB61DD6E221008D0402 /* Frameworks */,
				C7D41DB71DD6E221008D0402 /* Resources */,
			);
			buildRules = (
			);
			dependencies = (
				C7D41DBB1DD6E221008D0402 /* PBXTargetDependency */,
			);
			name = cnnctTests;
			productName = cnnctTests;
			productReference = C7D41DB91DD6E221008D0402 /* cnnctTests.xctest */;
			productType = "com.apple.product-type.bundle.unit-test";
		};
		C7D41DC31DD6E222008D0402 /* cnnctUITests */ = {
			isa = PBXNativeTarget;
			buildConfigurationList = C7D41DD31DD6E222008D0402 /* Build configuration list for PBXNativeTarget "cnnctUITests" */;
			buildPhases = (
				C7D41DC01DD6E222008D0402 /* Sources */,
				C7D41DC11DD6E222008D0402 /* Frameworks */,
				C7D41DC21DD6E222008D0402 /* Resources */,
			);
			buildRules = (
			);
			dependencies = (
				C7D41DC61DD6E222008D0402 /* PBXTargetDependency */,
			);
			name = cnnctUITests;
			productName = cnnctUITests;
			productReference = C7D41DC41DD6E222008D0402 /* cnnctUITests.xctest */;
			productType = "com.apple.product-type.bundle.ui-testing";
		};
/* End PBXNativeTarget section */

/* Begin PBXProject section */
		C7D41D9B1DD6E221008D0402 /* Project object */ = {
			isa = PBXProject;
			attributes = {
				LastSwiftUpdateCheck = 0810;
				LastUpgradeCheck = 0810;
				ORGANIZATIONNAME = "Anthony Wamunyu Maina";
				TargetAttributes = {
					C7D41DA21DD6E221008D0402 = {
						CreatedOnToolsVersion = 8.1;
						DevelopmentTeam = M5MDUJN294;
						ProvisioningStyle = Automatic;
						SystemCapabilities = {
							com.apple.Keychain = {
								enabled = 1;
							};
						};
					};
					C7D41DB81DD6E221008D0402 = {
						CreatedOnToolsVersion = 8.1;
						DevelopmentTeam = M5MDUJN294;
						ProvisioningStyle = Automatic;
						TestTargetID = C7D41DA21DD6E221008D0402;
					};
					C7D41DC31DD6E222008D0402 = {
						CreatedOnToolsVersion = 8.1;
						DevelopmentTeam = M5MDUJN294;
						ProvisioningStyle = Automatic;
						TestTargetID = C7D41DA21DD6E221008D0402;
					};
				};
			};
			buildConfigurationList = C7D41D9E1DD6E221008D0402 /* Build configuration list for PBXProject "cnnct" */;
			compatibilityVersion = "Xcode 3.2";
			developmentRegion = English;
			hasScannedForEncodings = 0;
			knownRegions = (
				en,
				Base,
			);
			mainGroup = C7D41D9A1DD6E221008D0402;
			productRefGroup = C7D41DA41DD6E221008D0402 /* Products */;
			projectDirPath = "";
			projectRoot = "";
			targets = (
				C7D41DA21DD6E221008D0402 /* cnnct */,
				C7D41DB81DD6E221008D0402 /* cnnctTests */,
				C7D41DC31DD6E222008D0402 /* cnnctUITests */,
			);
		};
/* End PBXProject section */

/* Begin PBXResourcesBuildPhase section */
		C7D41DA11DD6E221008D0402 /* Resources */ = {
			isa = PBXResourcesBuildPhase;
			buildActionMask = 2147483647;
			files = (
				DDEB62311DD6E8A400B3DA4A /* Podfile in Resources */,
				DDA32ED81DD6E70400AA722A /* GoogleService-Info.plist in Resources */,
				C7D41DB31DD6E221008D0402 /* LaunchScreen.storyboard in Resources */,
				C7D41DB01DD6E221008D0402 /* Assets.xcassets in Resources */,
				C7D41DAE1DD6E221008D0402 /* Main.storyboard in Resources */,
			);
			runOnlyForDeploymentPostprocessing = 0;
		};
		C7D41DB71DD6E221008D0402 /* Resources */ = {
			isa = PBXResourcesBuildPhase;
			buildActionMask = 2147483647;
			files = (
			);
			runOnlyForDeploymentPostprocessing = 0;
		};
		C7D41DC21DD6E222008D0402 /* Resources */ = {
			isa = PBXResourcesBuildPhase;
			buildActionMask = 2147483647;
			files = (
			);
			runOnlyForDeploymentPostprocessing = 0;
		};
/* End PBXResourcesBuildPhase section */

/* Begin PBXShellScriptBuildPhase section */
		21B3A07B948F49C3AA75CFE0 /* [CP] Copy Pods Resources */ = {
			isa = PBXShellScriptBuildPhase;
			buildActionMask = 2147483647;
			files = (
			);
			inputPaths = (
			);
			name = "[CP] Copy Pods Resources";
			outputPaths = (
			);
			runOnlyForDeploymentPostprocessing = 0;
			shellPath = /bin/sh;
			shellScript = "\"${SRCROOT}/Pods/Target Support Files/Pods-cnnct/Pods-cnnct-resources.sh\"\n";
			showEnvVarsInLog = 0;
		};
		7D3D5F8C9F517E92DAB9D43C /* [CP] Embed Pods Frameworks */ = {
			isa = PBXShellScriptBuildPhase;
			buildActionMask = 2147483647;
			files = (
			);
			inputPaths = (
			);
			name = "[CP] Embed Pods Frameworks";
			outputPaths = (
			);
			runOnlyForDeploymentPostprocessing = 0;
			shellPath = /bin/sh;
			shellScript = "\"${SRCROOT}/Pods/Target Support Files/Pods-cnnct/Pods-cnnct-frameworks.sh\"\n";
			showEnvVarsInLog = 0;
		};
		A1D264F0FBCA68C7FB8A5A3C /* [CP] Check Pods Manifest.lock */ = {
			isa = PBXShellScriptBuildPhase;
			buildActionMask = 2147483647;
			files = (
			);
			inputPaths = (
			);
			name = "[CP] Check Pods Manifest.lock";
			outputPaths = (
			);
			runOnlyForDeploymentPostprocessing = 0;
			shellPath = /bin/sh;
			shellScript = "diff \"${PODS_ROOT}/../Podfile.lock\" \"${PODS_ROOT}/Manifest.lock\" > /dev/null\nif [ $? != 0 ] ; then\n    # print error to STDERR\n    echo \"error: The sandbox is not in sync with the Podfile.lock. Run 'pod install' or update your CocoaPods installation.\" >&2\n    exit 1\nfi\n";
			showEnvVarsInLog = 0;
		};
/* End PBXShellScriptBuildPhase section */

/* Begin PBXSourcesBuildPhase section */
		C7D41D9F1DD6E221008D0402 /* Sources */ = {
			isa = PBXSourcesBuildPhase;
			buildActionMask = 2147483647;
			files = (
				C7D41DD91DD7C61B008D0402 /* MessagesViewController.swift in Sources */,
				C7D41DD71DD7AAEA008D0402 /* TagListView.swift in Sources */,
				C7D41DAB1DD6E221008D0402 /* PeopleViewController.swift in Sources */,
				C7D41DA71DD6E221008D0402 /* AppDelegate.swift in Sources */,
				C7D41DDB1DD7C635008D0402 /* ProfileViewController.swift in Sources */,
				DD9B7F2D1DD79D640011A589 /* SignUpViewController.swift in Sources */,
				C7D41DA91DD6E221008D0402 /* InterestsViewController.swift in Sources */,
			);
			runOnlyForDeploymentPostprocessing = 0;
		};
		C7D41DB51DD6E221008D0402 /* Sources */ = {
			isa = PBXSourcesBuildPhase;
			buildActionMask = 2147483647;
			files = (
				C7D41DBE1DD6E222008D0402 /* cnnctTests.swift in Sources */,
			);
			runOnlyForDeploymentPostprocessing = 0;
		};
		C7D41DC01DD6E222008D0402 /* Sources */ = {
			isa = PBXSourcesBuildPhase;
			buildActionMask = 2147483647;
			files = (
				C7D41DC91DD6E222008D0402 /* cnnctUITests.swift in Sources */,
			);
			runOnlyForDeploymentPostprocessing = 0;
		};
/* End PBXSourcesBuildPhase section */

/* Begin PBXTargetDependency section */
		C7D41DBB1DD6E221008D0402 /* PBXTargetDependency */ = {
			isa = PBXTargetDependency;
			target = C7D41DA21DD6E221008D0402 /* cnnct */;
			targetProxy = C7D41DBA1DD6E221008D0402 /* PBXContainerItemProxy */;
		};
		C7D41DC61DD6E222008D0402 /* PBXTargetDependency */ = {
			isa = PBXTargetDependency;
			target = C7D41DA21DD6E221008D0402 /* cnnct */;
			targetProxy = C7D41DC51DD6E222008D0402 /* PBXContainerItemProxy */;
		};
/* End PBXTargetDependency section */

/* Begin PBXVariantGroup section */
		C7D41DAC1DD6E221008D0402 /* Main.storyboard */ = {
			isa = PBXVariantGroup;
			children = (
				C7D41DAD1DD6E221008D0402 /* Base */,
			);
			name = Main.storyboard;
			sourceTree = "<group>";
		};
		C7D41DB11DD6E221008D0402 /* LaunchScreen.storyboard */ = {
			isa = PBXVariantGroup;
			children = (
				C7D41DB21DD6E221008D0402 /* Base */,
			);
			name = LaunchScreen.storyboard;
			sourceTree = "<group>";
		};
/* End PBXVariantGroup section */

/* Begin XCBuildConfiguration section */
		C7D41DCB1DD6E222008D0402 /* Debug */ = {
			isa = XCBuildConfiguration;
			buildSettings = {
				ALWAYS_SEARCH_USER_PATHS = NO;
				CLANG_ANALYZER_NONNULL = YES;
				CLANG_CXX_LANGUAGE_STANDARD = "gnu++0x";
				CLANG_CXX_LIBRARY = "libc++";
				CLANG_ENABLE_MODULES = YES;
				CLANG_ENABLE_OBJC_ARC = YES;
				CLANG_WARN_BOOL_CONVERSION = YES;
				CLANG_WARN_CONSTANT_CONVERSION = YES;
				CLANG_WARN_DIRECT_OBJC_ISA_USAGE = YES_ERROR;
				CLANG_WARN_DOCUMENTATION_COMMENTS = YES;
				CLANG_WARN_EMPTY_BODY = YES;
				CLANG_WARN_ENUM_CONVERSION = YES;
				CLANG_WARN_INFINITE_RECURSION = YES;
				CLANG_WARN_INT_CONVERSION = YES;
				CLANG_WARN_OBJC_ROOT_CLASS = YES_ERROR;
				CLANG_WARN_SUSPICIOUS_MOVES = YES;
				CLANG_WARN_UNREACHABLE_CODE = YES;
				CLANG_WARN__DUPLICATE_METHOD_MATCH = YES;
				"CODE_SIGN_IDENTITY[sdk=iphoneos*]" = "iPhone Developer";
				COPY_PHASE_STRIP = NO;
				DEBUG_INFORMATION_FORMAT = dwarf;
				ENABLE_STRICT_OBJC_MSGSEND = YES;
				ENABLE_TESTABILITY = YES;
				GCC_C_LANGUAGE_STANDARD = gnu99;
				GCC_DYNAMIC_NO_PIC = NO;
				GCC_NO_COMMON_BLOCKS = YES;
				GCC_OPTIMIZATION_LEVEL = 0;
				GCC_PREPROCESSOR_DEFINITIONS = (
					"DEBUG=1",
					"$(inherited)",
				);
				GCC_WARN_64_TO_32_BIT_CONVERSION = YES;
				GCC_WARN_ABOUT_RETURN_TYPE = YES_ERROR;
				GCC_WARN_UNDECLARED_SELECTOR = YES;
				GCC_WARN_UNINITIALIZED_AUTOS = YES_AGGRESSIVE;
				GCC_WARN_UNUSED_FUNCTION = YES;
				GCC_WARN_UNUSED_VARIABLE = YES;
				IPHONEOS_DEPLOYMENT_TARGET = 10.1;
				MTL_ENABLE_DEBUG_INFO = YES;
				ONLY_ACTIVE_ARCH = YES;
				SDKROOT = iphoneos;
				SWIFT_ACTIVE_COMPILATION_CONDITIONS = DEBUG;
				SWIFT_OPTIMIZATION_LEVEL = "-Onone";
			};
			name = Debug;
		};
		C7D41DCC1DD6E222008D0402 /* Release */ = {
			isa = XCBuildConfiguration;
			buildSettings = {
				ALWAYS_SEARCH_USER_PATHS = NO;
				CLANG_ANALYZER_NONNULL = YES;
				CLANG_CXX_LANGUAGE_STANDARD = "gnu++0x";
				CLANG_CXX_LIBRARY = "libc++";
				CLANG_ENABLE_MODULES = YES;
				CLANG_ENABLE_OBJC_ARC = YES;
				CLANG_WARN_BOOL_CONVERSION = YES;
				CLANG_WARN_CONSTANT_CONVERSION = YES;
				CLANG_WARN_DIRECT_OBJC_ISA_USAGE = YES_ERROR;
				CLANG_WARN_DOCUMENTATION_COMMENTS = YES;
				CLANG_WARN_EMPTY_BODY = YES;
				CLANG_WARN_ENUM_CONVERSION = YES;
				CLANG_WARN_INFINITE_RECURSION = YES;
				CLANG_WARN_INT_CONVERSION = YES;
				CLANG_WARN_OBJC_ROOT_CLASS = YES_ERROR;
				CLANG_WARN_SUSPICIOUS_MOVES = YES;
				CLANG_WARN_UNREACHABLE_CODE = YES;
				CLANG_WARN__DUPLICATE_METHOD_MATCH = YES;
				"CODE_SIGN_IDENTITY[sdk=iphoneos*]" = "iPhone Developer";
				COPY_PHASE_STRIP = NO;
				DEBUG_INFORMATION_FORMAT = "dwarf-with-dsym";
				ENABLE_NS_ASSERTIONS = NO;
				ENABLE_STRICT_OBJC_MSGSEND = YES;
				GCC_C_LANGUAGE_STANDARD = gnu99;
				GCC_NO_COMMON_BLOCKS = YES;
				GCC_WARN_64_TO_32_BIT_CONVERSION = YES;
				GCC_WARN_ABOUT_RETURN_TYPE = YES_ERROR;
				GCC_WARN_UNDECLARED_SELECTOR = YES;
				GCC_WARN_UNINITIALIZED_AUTOS = YES_AGGRESSIVE;
				GCC_WARN_UNUSED_FUNCTION = YES;
				GCC_WARN_UNUSED_VARIABLE = YES;
				IPHONEOS_DEPLOYMENT_TARGET = 10.1;
				MTL_ENABLE_DEBUG_INFO = NO;
				SDKROOT = iphoneos;
				SWIFT_OPTIMIZATION_LEVEL = "-Owholemodule";
				VALIDATE_PRODUCT = YES;
			};
			name = Release;
		};
		C7D41DCE1DD6E222008D0402 /* Debug */ = {
			isa = XCBuildConfiguration;
			baseConfigurationReference = 0DA48753FB175B1DB8692F16 /* Pods-cnnct.debug.xcconfig */;
			buildSettings = {
				ASSETCATALOG_COMPILER_APPICON_NAME = AppIcon;
				CODE_SIGN_ENTITLEMENTS = cnnct/cnnct.entitlements;
				DEVELOPMENT_TEAM = M5MDUJN294;
				FRAMEWORK_SEARCH_PATHS = (
					"$(inherited)",
					"$(PROJECT_DIR)",
				);
				INFOPLIST_FILE = cnnct/Info.plist;
				IPHONEOS_DEPLOYMENT_TARGET = 9.3;
				LD_RUNPATH_SEARCH_PATHS = "$(inherited) @executable_path/Frameworks";
				PRODUCT_BUNDLE_IDENTIFIER = awm.cnnct;
				PRODUCT_NAME = "$(TARGET_NAME)";
				SWIFT_VERSION = 3.0;
				TARGETED_DEVICE_FAMILY = 1;
			};
			name = Debug;
		};
		C7D41DCF1DD6E222008D0402 /* Release */ = {
			isa = XCBuildConfiguration;
			baseConfigurationReference = C7C9383B31F2BEE02A21F5C9 /* Pods-cnnct.release.xcconfig */;
			buildSettings = {
				ASSETCATALOG_COMPILER_APPICON_NAME = AppIcon;
				CODE_SIGN_ENTITLEMENTS = cnnct/cnnct.entitlements;
				DEVELOPMENT_TEAM = M5MDUJN294;
				FRAMEWORK_SEARCH_PATHS = (
					"$(inherited)",
					"$(PROJECT_DIR)",
				);
				INFOPLIST_FILE = cnnct/Info.plist;
				IPHONEOS_DEPLOYMENT_TARGET = 9.3;
				LD_RUNPATH_SEARCH_PATHS = "$(inherited) @executable_path/Frameworks";
				PRODUCT_BUNDLE_IDENTIFIER = awm.cnnct;
				PRODUCT_NAME = "$(TARGET_NAME)";
				SWIFT_VERSION = 3.0;
				TARGETED_DEVICE_FAMILY = 1;
			};
			name = Release;
		};
		C7D41DD11DD6E222008D0402 /* Debug */ = {
			isa = XCBuildConfiguration;
			buildSettings = {
				ALWAYS_EMBED_SWIFT_STANDARD_LIBRARIES = YES;
				BUNDLE_LOADER = "$(TEST_HOST)";
				DEVELOPMENT_TEAM = M5MDUJN294;
				INFOPLIST_FILE = cnnctTests/Info.plist;
				LD_RUNPATH_SEARCH_PATHS = "$(inherited) @executable_path/Frameworks @loader_path/Frameworks";
				PRODUCT_BUNDLE_IDENTIFIER = awm.cnnctTests;
				PRODUCT_NAME = "$(TARGET_NAME)";
				SWIFT_VERSION = 3.0;
				TEST_HOST = "$(BUILT_PRODUCTS_DIR)/cnnct.app/cnnct";
			};
			name = Debug;
		};
		C7D41DD21DD6E222008D0402 /* Release */ = {
			isa = XCBuildConfiguration;
			buildSettings = {
				ALWAYS_EMBED_SWIFT_STANDARD_LIBRARIES = YES;
				BUNDLE_LOADER = "$(TEST_HOST)";
				DEVELOPMENT_TEAM = M5MDUJN294;
				INFOPLIST_FILE = cnnctTests/Info.plist;
				LD_RUNPATH_SEARCH_PATHS = "$(inherited) @executable_path/Frameworks @loader_path/Frameworks";
				PRODUCT_BUNDLE_IDENTIFIER = awm.cnnctTests;
				PRODUCT_NAME = "$(TARGET_NAME)";
				SWIFT_VERSION = 3.0;
				TEST_HOST = "$(BUILT_PRODUCTS_DIR)/cnnct.app/cnnct";
			};
			name = Release;
		};
		C7D41DD41DD6E222008D0402 /* Debug */ = {
			isa = XCBuildConfiguration;
			buildSettings = {
				ALWAYS_EMBED_SWIFT_STANDARD_LIBRARIES = YES;
				DEVELOPMENT_TEAM = M5MDUJN294;
				INFOPLIST_FILE = cnnctUITests/Info.plist;
				LD_RUNPATH_SEARCH_PATHS = "$(inherited) @executable_path/Frameworks @loader_path/Frameworks";
				PRODUCT_BUNDLE_IDENTIFIER = awm.cnnctUITests;
				PRODUCT_NAME = "$(TARGET_NAME)";
				SWIFT_VERSION = 3.0;
				TEST_TARGET_NAME = cnnct;
			};
			name = Debug;
		};
		C7D41DD51DD6E222008D0402 /* Release */ = {
			isa = XCBuildConfiguration;
			buildSettings = {
				ALWAYS_EMBED_SWIFT_STANDARD_LIBRARIES = YES;
				DEVELOPMENT_TEAM = M5MDUJN294;
				INFOPLIST_FILE = cnnctUITests/Info.plist;
				LD_RUNPATH_SEARCH_PATHS = "$(inherited) @executable_path/Frameworks @loader_path/Frameworks";
				PRODUCT_BUNDLE_IDENTIFIER = awm.cnnctUITests;
				PRODUCT_NAME = "$(TARGET_NAME)";
				SWIFT_VERSION = 3.0;
				TEST_TARGET_NAME = cnnct;
			};
			name = Release;
		};
/* End XCBuildConfiguration section */

/* Begin XCConfigurationList section */
		C7D41D9E1DD6E221008D0402 /* Build configuration list for PBXProject "cnnct" */ = {
			isa = XCConfigurationList;
			buildConfigurations = (
				C7D41DCB1DD6E222008D0402 /* Debug */,
				C7D41DCC1DD6E222008D0402 /* Release */,
			);
			defaultConfigurationIsVisible = 0;
			defaultConfigurationName = Release;
		};
		C7D41DCD1DD6E222008D0402 /* Build configuration list for PBXNativeTarget "cnnct" */ = {
			isa = XCConfigurationList;
			buildConfigurations = (
				C7D41DCE1DD6E222008D0402 /* Debug */,
				C7D41DCF1DD6E222008D0402 /* Release */,
			);
			defaultConfigurationIsVisible = 0;
			defaultConfigurationName = Release;
		};
		C7D41DD01DD6E222008D0402 /* Build configuration list for PBXNativeTarget "cnnctTests" */ = {
			isa = XCConfigurationList;
			buildConfigurations = (
				C7D41DD11DD6E222008D0402 /* Debug */,
				C7D41DD21DD6E222008D0402 /* Release */,
			);
			defaultConfigurationIsVisible = 0;
			defaultConfigurationName = Release;
		};
		C7D41DD31DD6E222008D0402 /* Build configuration list for PBXNativeTarget "cnnctUITests" */ = {
			isa = XCConfigurationList;
			buildConfigurations = (
				C7D41DD41DD6E222008D0402 /* Debug */,
				C7D41DD51DD6E222008D0402 /* Release */,
			);
			defaultConfigurationIsVisible = 0;
			defaultConfigurationName = Release;
		};
/* End XCConfigurationList section */
	};
	rootObject = C7D41D9B1DD6E221008D0402 /* Project object */;
}
